{
  "name": "apdos",
  "version": "0.1.0",
  "lockfileVersion": 3,
  "requires": true,
  "packages": {
    "": {
      "name": "apdos",
      "version": "0.1.0",
      "workspaces": [
        "packages/artifacts",
        "packages/orchestrator",
        "packages/workflow-engine",
        "packages/approval-engine",
        "packages/validation-engine",
        "packages/context-engine",
        "packages/knowledge-engine",
        "packages/architecture-agent",
        "packages/discovery-agent",
        "packages/delivery-workflow",
        "packages/agent-registry",
        "packages/skill-registry",
        "packages/skill-runtime"
      ]
    },
    "node_modules/@apdos/agent-registry": {
      "resolved": "packages/agent-registry",
      "link": true
    },
    "node_modules/@apdos/approval-engine": {
      "resolved": "packages/approval-engine",
      "link": true
    },
    "node_modules/@apdos/architecture-agent": {
      "resolved": "packages/architecture-agent",
      "link": true
    },
    "node_modules/@apdos/artifacts": {
      "resolved": "packages/artifacts",
      "link": true
    },
    "node_modules/@apdos/context-engine": {
      "resolved": "packages/context-engine",
      "link": true
    },
    "node_modules/@apdos/delivery-workflow": {
      "resolved": "packages/delivery-workflow",
      "link": true
    },
    "node_modules/@apdos/discovery-agent": {
      "resolved": "packages/discovery-agent",
      "link": true
    },
    "node_modules/@apdos/knowledge-engine": {
      "resolved": "packages/knowledge-engine",
      "link": true
    },
    "node_modules/@apdos/orchestrator": {
      "resolved": "packages/orchestrator",
      "link": true
    },
    "node_modules/@apdos/skill-registry": {
      "resolved": "packages/skill-registry",
      "link": true
    },
    "node_modules/@apdos/skill-runtime": {
      "resolved": "packages/skill-runtime",
      "link": true
    },
    "node_modules/@apdos/validation-engine": {
      "resolved": "packages/validation-engine",
      "link": true
    },
    "node_modules/@apdos/workflow-engine": {
      "resolved": "packages/workflow-engine",
      "link": true
    },
    "node_modules/@types/node": {
      "version": "22.19.19",
      "resolved": "https://registry.npmjs.org/@types/node/-/node-22.19.19.tgz",
      "integrity": "sha512-dyh/xO2Fh5bYrfWaaqGrRQQGkNdmYw6AmaAUvYeUMNTWQtvb796ikLdmTchRmOlOiIJ1TDXfWgVx1QkUlQ6Hew==",
      "dev": true,
      "license": "MIT",
      "dependencies": {
        "undici-types": "~6.21.0"
      }
    },
    "node_modules/typescript": {
      "version": "5.9.3",
      "resolved": "https://registry.npmjs.org/typescript/-/typescript-5.9.3.tgz",
      "integrity": "sha512-jl1vZzPDinLr9eUt3J/t7V6FgNEw9QjvBPdysz9KfQDD41fQrC2Y4vKQdiaUpFT4bXlb1RHhLpp8wtm6M5TgSw==",
      "dev": true,
      "license": "Apache-2.0",
      "bin": {
        "tsc": "bin/tsc",
        "tsserver": "bin/tsserver"
      },
      "engines": {
        "node": ">=14.17"
      }
    },
    "node_modules/undici-types": {
      "version": "6.21.0",
      "resolved": "https://registry.npmjs.org/undici-types/-/undici-types-6.21.0.tgz",
      "integrity": "sha512-iwDZqg0QAGrg9Rav5H4n0M64c3mkR59cJ6wQp+7C4nI0gsmExaedaYLNO44eT4AtBBwjbTiGPMlt2Md0T9H9JQ==",
      "dev": true,
      "license": "MIT"
    },
    "packages/agent-registry": {
      "name": "@apdos/agent-registry",
      "version": "0.1.0",
      "dependencies": {
        "@apdos/artifacts": "0.1.0"
      },
      "devDependencies": {
        "@types/node": "^22.0.0",
        "typescript": "^5.5.0"
      }
    },
    "packages/approval-engine": {
      "name": "@apdos/approval-engine",
      "version": "0.1.0",
      "dependencies": {
        "@apdos/workflow-engine": "0.1.0"
      },
      "devDependencies": {
        "@types/node": "^22.0.0",
        "typescript": "^5.5.0"
      }
    },
    "packages/architecture-agent": {
      "name": "@apdos/architecture-agent",
      "version": "0.1.0",
      "dependencies": {
        "@apdos/artifacts": "0.1.0",
        "@apdos/context-engine": "0.1.0",
        "@apdos/workflow-engine": "0.1.0"
      },
      "devDependencies": {
        "@apdos/approval-engine": "0.1.0",
        "@apdos/validation-engine": "0.1.0",
        "@types/node": "^22.0.0",
        "typescript": "^5.5.0"
      }
    },
    "packages/artifacts": {
      "name": "@apdos/artifacts",
      "version": "0.1.0",
      "devDependencies": {
        "@types/node": "^22.0.0",
        "typescript": "^5.5.0"
      }
    },
    "packages/context-engine": {
      "name": "@apdos/context-engine",
      "version": "0.1.0",
      "dependencies": {
        "@apdos/approval-engine": "0.1.0",
        "@apdos/artifacts": "0.1.0",
        "@apdos/workflow-engine": "0.1.0"
      },
      "devDependencies": {
        "@types/node": "^22.0.0",
        "typescript": "^5.5.0"
      }
    },
    "packages/delivery-workflow": {
      "name": "@apdos/delivery-workflow",
      "version": "0.1.0",
      "dependencies": {
        "@apdos/approval-engine": "0.1.0",
        "@apdos/architecture-agent": "0.1.0",
        "@apdos/artifacts": "0.1.0",
        "@apdos/context-engine": "0.1.0",
        "@apdos/discovery-agent": "0.1.0",
        "@apdos/validation-engine": "0.1.0",
        "@apdos/workflow-engine": "0.1.0"
      },
      "devDependencies": {
        "@types/node": "^22.0.0",
        "typescript": "^5.5.0"
      }
    },
    "packages/discovery-agent": {
      "name": "@apdos/discovery-agent",
      "version": "0.1.0",
      "dependencies": {
        "@apdos/artifacts": "0.1.0",
        "@apdos/context-engine": "0.1.0",
        "@apdos/skill-runtime": "0.1.0",
        "@apdos/workflow-engine": "0.1.0"
      },
      "devDependencies": {
        "@types/node": "^22.0.0",
        "typescript": "^5.5.0"
      }
    },
    "packages/knowledge-engine": {
      "name": "@apdos/knowledge-engine",
      "version": "0.1.0",
      "devDependencies": {
        "@types/node": "^22.0.0",
        "typescript": "^5.5.0"
      }
    },
    "packages/orchestrator": {
      "name": "@apdos/orchestrator",
      "version": "0.1.0",
      "dependencies": {
        "@apdos/artifacts": "0.1.0"
      },
      "devDependencies": {
        "@types/node": "^22.0.0",
        "typescript": "^5.5.0"
      }
    },
    "packages/skill-registry": {
      "name": "@apdos/skill-registry",
      "version": "0.1.0",
      "dependencies": {
        "@apdos/artifacts": "0.1.0"
      },
      "devDependencies": {
        "@types/node": "^22.0.0",
        "typescript": "^5.5.0"
      }
    },
    "packages/skill-runtime": {
      "name": "@apdos/skill-runtime",
      "version": "0.1.0",
      "dependencies": {
        "@apdos/artifacts": "0.1.0",
        "@apdos/skill-registry": "0.1.0"
      },
      "devDependencies": {
        "@types/node": "^22.0.0",
        "typescript": "^5.5.0"
      }
    },
    "packages/validation-engine": {
      "name": "@apdos/validation-engine",
      "version": "0.1.0",
      "dependencies": {
        "@apdos/approval-engine": "0.1.0",
        "@apdos/artifacts": "0.1.0"
      },
      "devDependencies": {
        "@types/node": "^22.0.0",
        "typescript": "^5.5.0"
      }
    },
    "packages/workflow-engine": {
      "name": "@apdos/workflow-engine",
      "version": "0.1.0",
      "dependencies": {
        "@apdos/artifacts": "0.1.0",
        "@apdos/orchestrator": "0.1.0"
      },
      "devDependencies": {
        "@types/node": "^22.0.0",
        "typescript": "^5.5.0"
      }
    }
  }
}
